{
  "name": "MagicDecorTask",
  "lockfileVersion": 3,
  "requires": true,
  "packages": {
    "": {
      "dependencies": {
        "jquery-lazyload": "^1.9.7"
      }
    },
    "node_modules/jquery-lazyload": {
      "version": "1.9.7",
      "resolved": "https://registry.npmjs.org/jquery-lazyload/-/jquery-lazyload-1.9.7.tgz",
      "integrity": "sha512-RGzGXik7yRQO8e5HRPsdPSwvTLQHa0jl444XnXMNMAslkHGLytQe21/gnzYSPhaUxnoQUCQOL8s8yJT7Xasjlw==",
      "engines": {
        "node": ">= 0.8.0"
      }
    }
  }
}
